
Microsoft Visual Studio Solution File, Format Version 12.00
# Visual Studio 15
VisualStudioVersion = 15.0.28307.421
MinimumVisualStudioVersion = 10.0.40219.1
Project("{9A19103F-16F7-4668-BE54-9A1E7A4F7556}") = "HaViBlog", "HaViBlog\HaViBlog.csproj", "{2EC0C578-08FF-4B29-88C7-D3BA9F667B9E}"
EndProject
Project("{2150E333-8FDC-42A3-9474-1A3956D46DE8}") = "1-WebLayer", "1-WebLayer", "{9B4D8D9A-DB39-4E91-BE7B-90CE764D3D94}"
EndProject
Project("{2150E333-8FDC-42A3-9474-1A3956D46DE8}") = "2-BusinessLayer", "2-BusinessLayer", "{87D4BED7-E948-4B9A-A22D-FCFFD5C58F87}"
EndProject
Project("{2150E333-8FDC-42A3-9474-1A3956D46DE8}") = "3-DomainLayer", "3-DomainLayer", "{FCED3BB1-B9DF-46E4-A15F-FBB29F8A7EB4}"
EndProject
Project("{2150E333-8FDC-42A3-9474-1A3956D46DE8}") = "4-InfrastructureLayer", "4-InfrastructureLayer", "{B8CD146B-014E-458A-B4DF-1733E85C8AEF}"
EndProject
Project("{FAE04EC0-301F-11D3-BF4B-00C04F79EFBC}") = "HaViBlog.Service", "HaVi.Service\HaViBlog.Service.csproj", "{15BB1578-E73E-4003-92C1-4CBB4280CB7A}"
EndProject
Project("{FAE04EC0-301F-11D3-BF4B-00C04F79EFBC}") = "HaViBlog.Data", "HaVi.Data\HaViBlog.Data.csproj", "{ED248D39-20B9-4229-BC4F-624778912C05}"
EndProject
Project("{FAE04EC0-301F-11D3-BF4B-00C04F79EFBC}") = "HaViBlog.Data.EF", "HaViBlog.Data.EF\HaViBlog.Data.EF.csproj", "{7622A33A-0653-4D91-8CD1-96B5251E2935}"
EndProject
Project("{FAE04EC0-301F-11D3-BF4B-00C04F79EFBC}") = "HaViBlog.Infrastructure", "HaViBlog.Infrastructure\HaViBlog.Infrastructure.csproj", "{456DB390-7E84-41E6-989F-34DD544AC587}"
EndProject
Project("{FAE04EC0-301F-11D3-BF4B-00C04F79EFBC}") = "HaViBlog.Utilities", "HaViBlog.Utilities\HaViBlog.Utilities.csproj", "{0854C61E-FB30-4801-A1A1-A5E9597745F6}"
EndProject
Global
	GlobalSection(SolutionConfigurationPlatforms) = preSolution
		Debug|Any CPU = Debug|Any CPU
		Release|Any CPU = Release|Any CPU
	EndGlobalSection
	GlobalSection(ProjectConfigurationPlatforms) = postSolution
		{2EC0C578-08FF-4B29-88C7-D3BA9F667B9E}.Debug|Any CPU.ActiveCfg = Debug|Any CPU
		{2EC0C578-08FF-4B29-88C7-D3BA9F667B9E}.Debug|Any CPU.Build.0 = Debug|Any CPU
		{2EC0C578-08FF-4B29-88C7-D3BA9F667B9E}.Release|Any CPU.ActiveCfg = Release|Any CPU
		{2EC0C578-08FF-4B29-88C7-D3BA9F667B9E}.Release|Any CPU.Build.0 = Release|Any CPU
		{15BB1578-E73E-4003-92C1-4CBB4280CB7A}.Debug|Any CPU.ActiveCfg = Debug|Any CPU
		{15BB1578-E73E-4003-92C1-4CBB4280CB7A}.Debug|Any CPU.Build.0 = Debug|Any CPU
		{15BB1578-E73E-4003-92C1-4CBB4280CB7A}.Release|Any CPU.ActiveCfg = Release|Any CPU
		{15BB1578-E73E-4003-92C1-4CBB4280CB7A}.Release|Any CPU.Build.0 = Release|Any CPU
		{ED248D39-20B9-4229-BC4F-624778912C05}.Debug|Any CPU.ActiveCfg = Debug|Any CPU
		{ED248D39-20B9-4229-BC4F-624778912C05}.Debug|Any CPU.Build.0 = Debug|Any CPU
		{ED248D39-20B9-4229-BC4F-624778912C05}.Release|Any CPU.ActiveCfg = Release|Any CPU
		{ED248D39-20B9-4229-BC4F-624778912C05}.Release|Any CPU.Build.0 = Release|Any CPU
		{7622A33A-0653-4D91-8CD1-96B5251E2935}.Debug|Any CPU.ActiveCfg = Debug|Any CPU
		{7622A33A-0653-4D91-8CD1-96B5251E2935}.Debug|Any CPU.Build.0 = Debug|Any CPU
		{7622A33A-0653-4D91-8CD1-96B5251E2935}.Release|Any CPU.ActiveCfg = Release|Any CPU
		{7622A33A-0653-4D91-8CD1-96B5251E2935}.Release|Any CPU.Build.0 = Release|Any CPU
		{456DB390-7E84-41E6-989F-34DD544AC587}.Debug|Any CPU.ActiveCfg = Debug|Any CPU
		{456DB390-7E84-41E6-989F-34DD544AC587}.Debug|Any CPU.Build.0 = Debug|Any CPU
		{456DB390-7E84-41E6-989F-34DD544AC587}.Release|Any CPU.ActiveCfg = Release|Any CPU
		{456DB390-7E84-41E6-989F-34DD544AC587}.Release|Any CPU.Build.0 = Release|Any CPU
		{0854C61E-FB30-4801-A1A1-A5E9597745F6}.Debug|Any CPU.ActiveCfg = Debug|Any CPU
		{0854C61E-FB30-4801-A1A1-A5E9597745F6}.Debug|Any CPU.Build.0 = Debug|Any CPU
		{0854C61E-FB30-4801-A1A1-A5E9597745F6}.Release|Any CPU.ActiveCfg = Release|Any CPU
		{0854C61E-FB30-4801-A1A1-A5E9597745F6}.Release|Any CPU.Build.0 = Release|Any CPU
	EndGlobalSection
	GlobalSection(SolutionProperties) = preSolution
		HideSolutionNode = FALSE
	EndGlobalSection
	GlobalSection(NestedProjects) = preSolution
		{2EC0C578-08FF-4B29-88C7-D3BA9F667B9E} = {9B4D8D9A-DB39-4E91-BE7B-90CE764D3D94}
		{15BB1578-E73E-4003-92C1-4CBB4280CB7A} = {87D4BED7-E948-4B9A-A22D-FCFFD5C58F87}
		{ED248D39-20B9-4229-BC4F-624778912C05} = {FCED3BB1-B9DF-46E4-A15F-FBB29F8A7EB4}
		{7622A33A-0653-4D91-8CD1-96B5251E2935} = {FCED3BB1-B9DF-46E4-A15F-FBB29F8A7EB4}
		{456DB390-7E84-41E6-989F-34DD544AC587} = {B8CD146B-014E-458A-B4DF-1733E85C8AEF}
		{0854C61E-FB30-4801-A1A1-A5E9597745F6} = {B8CD146B-014E-458A-B4DF-1733E85C8AEF}
	EndGlobalSection
	GlobalSection(ExtensibilityGlobals) = postSolution
		SolutionGuid = {0F3E5D16-A10E-4B7C-B361-7565290F58E1}
	EndGlobalSection
EndGlobal
